// !$*UTF8*$!
{
	archiveVersion = 1;
	classes = {
	};
	objectVersion = 56;
	objects = {

/* Begin PBXBuildFile section */
		2924F23AB82052303076E0B9 /* Pods_spotify.framework in Frameworks */ = {isa = PBXBuildFile; fileRef = 698AA3D23F101991AC1722AE /* Pods_spotify.framework */; };
		B474717F2A6122BF0071B1D0 /* NewReleasesCollectionViewCell.swift in Sources */ = {isa = PBXBuildFile; fileRef = B474717E2A6122BF0071B1D0 /* NewReleasesCollectionViewCell.swift */; };
		B47471812A6122D20071B1D0 /* FeaturedPlaylistsCollectionViewCell.swift in Sources */ = {isa = PBXBuildFile; fileRef = B47471802A6122D20071B1D0 /* FeaturedPlaylistsCollectionViewCell.swift */; };
		B47471832A6122DD0071B1D0 /* RecommendedTrackCollectionViewCell.swift in Sources */ = {isa = PBXBuildFile; fileRef = B47471822A6122DD0071B1D0 /* RecommendedTrackCollectionViewCell.swift */; };
		B47471852A6128B20071B1D0 /* NewReleasesCellViewModel.swift in Sources */ = {isa = PBXBuildFile; fileRef = B47471842A6128B20071B1D0 /* NewReleasesCellViewModel.swift */; };
		B47471892A61C7E90071B1D0 /* FeaturedPlaylistsCellViewModel.swift in Sources */ = {isa = PBXBuildFile; fileRef = B47471882A61C7E90071B1D0 /* FeaturedPlaylistsCellViewModel.swift */; };
		B474718B2A61C8100071B1D0 /* RecommendedTrackCellViewModel.swift in Sources */ = {isa = PBXBuildFile; fileRef = B474718A2A61C8100071B1D0 /* RecommendedTrackCellViewModel.swift */; };
		B48945F52A5C15AF0010435C /* AppDelegate.swift in Sources */ = {isa = PBXBuildFile; fileRef = B48945F42A5C15AF0010435C /* AppDelegate.swift */; };
		B48945F72A5C15AF0010435C /* SceneDelegate.swift in Sources */ = {isa = PBXBuildFile; fileRef = B48945F62A5C15AF0010435C /* SceneDelegate.swift */; };
		B48945F92A5C15AF0010435C /* HomeViewController.swift in Sources */ = {isa = PBXBuildFile; fileRef = B48945F82A5C15AF0010435C /* HomeViewController.swift */; };
		B48945FE2A5C15B00010435C /* Assets.xcassets in Resources */ = {isa = PBXBuildFile; fileRef = B48945FD2A5C15B00010435C /* Assets.xcassets */; };
		B48946012A5C15B00010435C /* LaunchScreen.storyboard in Resources */ = {isa = PBXBuildFile; fileRef = B48945FF2A5C15B00010435C /* LaunchScreen.storyboard */; };
		B48946102A5C192F0010435C /* TabBarController.swift in Sources */ = {isa = PBXBuildFile; fileRef = B489460F2A5C192F0010435C /* TabBarController.swift */; };
		B48946122A5C19790010435C /* SearchViewController.swift in Sources */ = {isa = PBXBuildFile; fileRef = B48946112A5C19790010435C /* SearchViewController.swift */; };
		B48946142A5C19B20010435C /* LibraryViewController.swift in Sources */ = {isa = PBXBuildFile; fileRef = B48946132A5C19B20010435C /* LibraryViewController.swift */; };
		B48946182A5C19E70010435C /* AuthViewController.swift in Sources */ = {isa = PBXBuildFile; fileRef = B48946172A5C19E70010435C /* AuthViewController.swift */; };
		B489461A2A5C19F80010435C /* WelcomeViewController.swift in Sources */ = {isa = PBXBuildFile; fileRef = B48946192A5C19F80010435C /* WelcomeViewController.swift */; };
		B489461C2A5C1A1F0010435C /* SettingsViewController.swift in Sources */ = {isa = PBXBuildFile; fileRef = B489461B2A5C1A1F0010435C /* SettingsViewController.swift */; };
		B489461E2A5C1A260010435C /* ProfileViewController.swift in Sources */ = {isa = PBXBuildFile; fileRef = B489461D2A5C1A260010435C /* ProfileViewController.swift */; };
		B48946202A5C1A4C0010435C /* PlayerViewController.swift in Sources */ = {isa = PBXBuildFile; fileRef = B489461F2A5C1A4C0010435C /* PlayerViewController.swift */; };
		B48946222A5C1A540010435C /* PlaylistViewController.swift in Sources */ = {isa = PBXBuildFile; fileRef = B48946212A5C1A540010435C /* PlaylistViewController.swift */; };
		B48946242A5C1A840010435C /* SearchResultsViewController.swift in Sources */ = {isa = PBXBuildFile; fileRef = B48946232A5C1A840010435C /* SearchResultsViewController.swift */; };
		B48946262A5C1AC70010435C /* APICaller.swift in Sources */ = {isa = PBXBuildFile; fileRef = B48946252A5C1AC70010435C /* APICaller.swift */; };
		B48946282A5C1AD80010435C /* HapticsManager.swift in Sources */ = {isa = PBXBuildFile; fileRef = B48946272A5C1AD80010435C /* HapticsManager.swift */; };
		B489462A2A5C1AE00010435C /* AuthManager.swift in Sources */ = {isa = PBXBuildFile; fileRef = B48946292A5C1AE00010435C /* AuthManager.swift */; };
		B489462E2A5C1B350010435C /* Playlist.swift in Sources */ = {isa = PBXBuildFile; fileRef = B489462D2A5C1B350010435C /* Playlist.swift */; };
		B48946302A5C1B3E0010435C /* Artist.swift in Sources */ = {isa = PBXBuildFile; fileRef = B489462F2A5C1B3E0010435C /* Artist.swift */; };
		B48946322A5C1B490010435C /* UserProfile.swift in Sources */ = {isa = PBXBuildFile; fileRef = B48946312A5C1B490010435C /* UserProfile.swift */; };
		B48946342A5C3B0F0010435C /* Extensions.swift in Sources */ = {isa = PBXBuildFile; fileRef = B48946332A5C3B0F0010435C /* Extensions.swift */; };
		B48946362A5D6C6D0010435C /* AuthResponse.swift in Sources */ = {isa = PBXBuildFile; fileRef = B48946352A5D6C6D0010435C /* AuthResponse.swift */; };
		B48946382A5DF9AA0010435C /* SettingsModels.swift in Sources */ = {isa = PBXBuildFile; fileRef = B48946372A5DF9AA0010435C /* SettingsModels.swift */; };
		B489465A2A5F08250010435C /* NewReleasesResponse.swift in Sources */ = {isa = PBXBuildFile; fileRef = B48946592A5F08250010435C /* NewReleasesResponse.swift */; };
		B489465C2A5F09900010435C /* ImageObject.swift in Sources */ = {isa = PBXBuildFile; fileRef = B489465B2A5F09900010435C /* ImageObject.swift */; };
		B489465E2A5F0D1C0010435C /* FeaturedPlaylistResponse.swift in Sources */ = {isa = PBXBuildFile; fileRef = B489465D2A5F0D1C0010435C /* FeaturedPlaylistResponse.swift */; };
		B48946602A5F136E0010435C /* RecommendedGenresResponse.swift in Sources */ = {isa = PBXBuildFile; fileRef = B489465F2A5F136E0010435C /* RecommendedGenresResponse.swift */; };
		B48946622A5F4BA60010435C /* RecommendationsTracksResponse.swift in Sources */ = {isa = PBXBuildFile; fileRef = B48946612A5F4BA60010435C /* RecommendationsTracksResponse.swift */; };
		B48946642A5F4D640010435C /* Track.swift in Sources */ = {isa = PBXBuildFile; fileRef = B48946632A5F4D640010435C /* Track.swift */; };
		B48946672A5F4DC70010435C /* User.swift in Sources */ = {isa = PBXBuildFile; fileRef = B48946662A5F4DC70010435C /* User.swift */; };
		B48946692A5F4DFB0010435C /* Album.swift in Sources */ = {isa = PBXBuildFile; fileRef = B48946682A5F4DFB0010435C /* Album.swift */; };
/* End PBXBuildFile section */

/* Begin PBXFileReference section */
		3DBA7830B3BD59315438E800 /* Pods-spotify.debug.xcconfig */ = {isa = PBXFileReference; includeInIndex = 1; lastKnownFileType = text.xcconfig; name = "Pods-spotify.debug.xcconfig"; path = "Target Support Files/Pods-spotify/Pods-spotify.debug.xcconfig"; sourceTree = "<group>"; };
		698AA3D23F101991AC1722AE /* Pods_spotify.framework */ = {isa = PBXFileReference; explicitFileType = wrapper.framework; includeInIndex = 0; path = Pods_spotify.framework; sourceTree = BUILT_PRODUCTS_DIR; };
		B474717E2A6122BF0071B1D0 /* NewReleasesCollectionViewCell.swift */ = {isa = PBXFileReference; lastKnownFileType = sourcecode.swift; path = NewReleasesCollectionViewCell.swift; sourceTree = "<group>"; };
		B47471802A6122D20071B1D0 /* FeaturedPlaylistsCollectionViewCell.swift */ = {isa = PBXFileReference; lastKnownFileType = sourcecode.swift; path = FeaturedPlaylistsCollectionViewCell.swift; sourceTree = "<group>"; };
		B47471822A6122DD0071B1D0 /* RecommendedTrackCollectionViewCell.swift */ = {isa = PBXFileReference; lastKnownFileType = sourcecode.swift; path = RecommendedTrackCollectionViewCell.swift; sourceTree = "<group>"; };
		B47471842A6128B20071B1D0 /* NewReleasesCellViewModel.swift */ = {isa = PBXFileReference; lastKnownFileType = sourcecode.swift; path = NewReleasesCellViewModel.swift; sourceTree = "<group>"; };
		B47471882A61C7E90071B1D0 /* FeaturedPlaylistsCellViewModel.swift */ = {isa = PBXFileReference; lastKnownFileType = sourcecode.swift; path = FeaturedPlaylistsCellViewModel.swift; sourceTree = "<group>"; };
		B474718A2A61C8100071B1D0 /* RecommendedTrackCellViewModel.swift */ = {isa = PBXFileReference; lastKnownFileType = sourcecode.swift; path = RecommendedTrackCellViewModel.swift; sourceTree = "<group>"; };
		B48945F12A5C15AF0010435C /* spotify.app */ = {isa = PBXFileReference; explicitFileType = wrapper.application; includeInIndex = 0; path = spotify.app; sourceTree = BUILT_PRODUCTS_DIR; };
		B48945F42A5C15AF0010435C /* AppDelegate.swift */ = {isa = PBXFileReference; lastKnownFileType = sourcecode.swift; path = AppDelegate.swift; sourceTree = "<group>"; };
		B48945F62A5C15AF0010435C /* SceneDelegate.swift */ = {isa = PBXFileReference; lastKnownFileType = sourcecode.swift; path = SceneDelegate.swift; sourceTree = "<group>"; };
		B48945F82A5C15AF0010435C /* HomeViewController.swift */ = {isa = PBXFileReference; lastKnownFileType = sourcecode.swift; path = HomeViewController.swift; sourceTree = "<group>"; };
		B48945FD2A5C15B00010435C /* Assets.xcassets */ = {isa = PBXFileReference; lastKnownFileType = folder.assetcatalog; path = Assets.xcassets; sourceTree = "<group>"; };
		B48946002A5C15B00010435C /* Base */ = {isa = PBXFileReference; lastKnownFileType = file.storyboard; name = Base; path = Base.lproj/LaunchScreen.storyboard; sourceTree = "<group>"; };
		B48946022A5C15B00010435C /* Info.plist */ = {isa = PBXFileReference; lastKnownFileType = text.plist.xml; path = Info.plist; sourceTree = "<group>"; };
		B489460F2A5C192F0010435C /* TabBarController.swift */ = {isa = PBXFileReference; lastKnownFileType = sourcecode.swift; path = TabBarController.swift; sourceTree = "<group>"; };
		B48946112A5C19790010435C /* SearchViewController.swift */ = {isa = PBXFileReference; lastKnownFileType = sourcecode.swift; path = SearchViewController.swift; sourceTree = "<group>"; };
		B48946132A5C19B20010435C /* LibraryViewController.swift */ = {isa = PBXFileReference; lastKnownFileType = sourcecode.swift; path = LibraryViewController.swift; sourceTree = "<group>"; };
		B48946172A5C19E70010435C /* AuthViewController.swift */ = {isa = PBXFileReference; lastKnownFileType = sourcecode.swift; path = AuthViewController.swift; sourceTree = "<group>"; };
		B48946192A5C19F80010435C /* WelcomeViewController.swift */ = {isa = PBXFileReference; lastKnownFileType = sourcecode.swift; path = WelcomeViewController.swift; sourceTree = "<group>"; };
		B489461B2A5C1A1F0010435C /* SettingsViewController.swift */ = {isa = PBXFileReference; lastKnownFileType = sourcecode.swift; path = SettingsViewController.swift; sourceTree = "<group>"; };
		B489461D2A5C1A260010435C /* ProfileViewController.swift */ = {isa = PBXFileReference; lastKnownFileType = sourcecode.swift; path = ProfileViewController.swift; sourceTree = "<group>"; };
		B489461F2A5C1A4C0010435C /* PlayerViewController.swift */ = {isa = PBXFileReference; lastKnownFileType = sourcecode.swift; path = PlayerViewController.swift; sourceTree = "<group>"; };
		B48946212A5C1A540010435C /* PlaylistViewController.swift */ = {isa = PBXFileReference; lastKnownFileType = sourcecode.swift; path = PlaylistViewController.swift; sourceTree = "<group>"; };
		B48946232A5C1A840010435C /* SearchResultsViewController.swift */ = {isa = PBXFileReference; lastKnownFileType = sourcecode.swift; path = SearchResultsViewController.swift; sourceTree = "<group>"; };
		B48946252A5C1AC70010435C /* APICaller.swift */ = {isa = PBXFileReference; lastKnownFileType = sourcecode.swift; path = APICaller.swift; sourceTree = "<group>"; };
		B48946272A5C1AD80010435C /* HapticsManager.swift */ = {isa = PBXFileReference; lastKnownFileType = sourcecode.swift; path = HapticsManager.swift; sourceTree = "<group>"; };
		B48946292A5C1AE00010435C /* AuthManager.swift */ = {isa = PBXFileReference; lastKnownFileType = sourcecode.swift; path = AuthManager.swift; sourceTree = "<group>"; };
		B489462D2A5C1B350010435C /* Playlist.swift */ = {isa = PBXFileReference; lastKnownFileType = sourcecode.swift; path = Playlist.swift; sourceTree = "<group>"; };
		B489462F2A5C1B3E0010435C /* Artist.swift */ = {isa = PBXFileReference; lastKnownFileType = sourcecode.swift; path = Artist.swift; sourceTree = "<group>"; };
		B48946312A5C1B490010435C /* UserProfile.swift */ = {isa = PBXFileReference; lastKnownFileType = sourcecode.swift; path = UserProfile.swift; sourceTree = "<group>"; };
		B48946332A5C3B0F0010435C /* Extensions.swift */ = {isa = PBXFileReference; lastKnownFileType = sourcecode.swift; path = Extensions.swift; sourceTree = "<group>"; };
		B48946352A5D6C6D0010435C /* AuthResponse.swift */ = {isa = PBXFileReference; lastKnownFileType = sourcecode.swift; path = AuthResponse.swift; sourceTree = "<group>"; };
		B48946372A5DF9AA0010435C /* SettingsModels.swift */ = {isa = PBXFileReference; lastKnownFileType = sourcecode.swift; path = SettingsModels.swift; sourceTree = "<group>"; };
		B48946592A5F08250010435C /* NewReleasesResponse.swift */ = {isa = PBXFileReference; lastKnownFileType = sourcecode.swift; path = NewReleasesResponse.swift; sourceTree = "<group>"; };
		B489465B2A5F09900010435C /* ImageObject.swift */ = {isa = PBXFileReference; lastKnownFileType = sourcecode.swift; path = ImageObject.swift; sourceTree = "<group>"; };
		B489465D2A5F0D1C0010435C /* FeaturedPlaylistResponse.swift */ = {isa = PBXFileReference; lastKnownFileType = sourcecode.swift; path = FeaturedPlaylistResponse.swift; sourceTree = "<group>"; };
		B489465F2A5F136E0010435C /* RecommendedGenresResponse.swift */ = {isa = PBXFileReference; lastKnownFileType = sourcecode.swift; path = RecommendedGenresResponse.swift; sourceTree = "<group>"; };
		B48946612A5F4BA60010435C /* RecommendationsTracksResponse.swift */ = {isa = PBXFileReference; lastKnownFileType = sourcecode.swift; path = RecommendationsTracksResponse.swift; sourceTree = "<group>"; };
		B48946632A5F4D640010435C /* Track.swift */ = {isa = PBXFileReference; lastKnownFileType = sourcecode.swift; path = Track.swift; sourceTree = "<group>"; };
		B48946662A5F4DC70010435C /* User.swift */ = {isa = PBXFileReference; lastKnownFileType = sourcecode.swift; path = User.swift; sourceTree = "<group>"; };
		B48946682A5F4DFB0010435C /* Album.swift */ = {isa = PBXFileReference; lastKnownFileType = sourcecode.swift; path = Album.swift; sourceTree = "<group>"; };
		EDEF6F341A8B67FC79705F5E /* Pods-spotify.release.xcconfig */ = {isa = PBXFileReference; includeInIndex = 1; lastKnownFileType = text.xcconfig; name = "Pods-spotify.release.xcconfig"; path = "Target Support Files/Pods-spotify/Pods-spotify.release.xcconfig"; sourceTree = "<group>"; };
/* End PBXFileReference section */

/* Begin PBXFrameworksBuildPhase section */
		B48945EE2A5C15AF0010435C /* Frameworks */ = {
			isa = PBXFrameworksBuildPhase;
			buildActionMask = 2147483647;
			files = (
				2924F23AB82052303076E0B9 /* Pods_spotify.framework in Frameworks */,
			);
			runOnlyForDeploymentPostprocessing = 0;
		};
/* End PBXFrameworksBuildPhase section */

/* Begin PBXGroup section */
		1E1332BA68762DE28C793C66 /* Frameworks */ = {
			isa = PBXGroup;
			children = (
				698AA3D23F101991AC1722AE /* Pods_spotify.framework */,
			);
			name = Frameworks;
			sourceTree = "<group>";
		};
		9FAC834751B8C0CCB8858424 /* Pods */ = {
			isa = PBXGroup;
			children = (
				3DBA7830B3BD59315438E800 /* Pods-spotify.debug.xcconfig */,
				EDEF6F341A8B67FC79705F5E /* Pods-spotify.release.xcconfig */,
			);
			path = Pods;
			sourceTree = "<group>";
		};
		B474717D2A6122A20071B1D0 /* Browse */ = {
			isa = PBXGroup;
			children = (
				B474717E2A6122BF0071B1D0 /* NewReleasesCollectionViewCell.swift */,
				B47471802A6122D20071B1D0 /* FeaturedPlaylistsCollectionViewCell.swift */,
				B47471822A6122DD0071B1D0 /* RecommendedTrackCollectionViewCell.swift */,
			);
			path = Browse;
			sourceTree = "<group>";
		};
		B48945E82A5C15AF0010435C = {
			isa = PBXGroup;
			children = (
				B48945F32A5C15AF0010435C /* spotify */,
				B48945F22A5C15AF0010435C /* Products */,
				9FAC834751B8C0CCB8858424 /* Pods */,
				1E1332BA68762DE28C793C66 /* Frameworks */,
			);
			sourceTree = "<group>";
		};
		B48945F22A5C15AF0010435C /* Products */ = {
			isa = PBXGroup;
			children = (
				B48945F12A5C15AF0010435C /* spotify.app */,
			);
			name = Products;
			sourceTree = "<group>";
		};
		B48945F32A5C15AF0010435C /* spotify */ = {
			isa = PBXGroup;
			children = (
				B489460E2A5C17730010435C /* Resources */,
				B489460B2A5C17560010435C /* ViewModels */,
				B489460A2A5C17480010435C /* Models */,
				B489460C2A5C175F0010435C /* Managers */,
				B48946092A5C173A0010435C /* Controllers */,
				B48946082A5C172B0010435C /* Views */,
				B48946022A5C15B00010435C /* Info.plist */,
			);
			path = spotify;
			sourceTree = "<group>";
		};
		B48946082A5C172B0010435C /* Views */ = {
			isa = PBXGroup;
			children = (
				B474717D2A6122A20071B1D0 /* Browse */,
				B48945FF2A5C15B00010435C /* LaunchScreen.storyboard */,
			);
			path = Views;
			sourceTree = "<group>";
		};
		B48946092A5C173A0010435C /* Controllers */ = {
			isa = PBXGroup;
			children = (
				B48946162A5C19D10010435C /* Other */,
				B48946152A5C19B90010435C /* Core */,
			);
			path = Controllers;
			sourceTree = "<group>";
		};
		B489460A2A5C17480010435C /* Models */ = {
			isa = PBXGroup;
			children = (
				B48946652A5F4DB10010435C /* Responses */,
				B489462D2A5C1B350010435C /* Playlist.swift */,
				B489462F2A5C1B3E0010435C /* Artist.swift */,
				B48946312A5C1B490010435C /* UserProfile.swift */,
				B48946372A5DF9AA0010435C /* SettingsModels.swift */,
				B489465B2A5F09900010435C /* ImageObject.swift */,
				B48946632A5F4D640010435C /* Track.swift */,
				B48946662A5F4DC70010435C /* User.swift */,
				B48946682A5F4DFB0010435C /* Album.swift */,
			);
			path = Models;
			sourceTree = "<group>";
		};
		B489460B2A5C17560010435C /* ViewModels */ = {
			isa = PBXGroup;
			children = (
				B47471842A6128B20071B1D0 /* NewReleasesCellViewModel.swift */,
				B47471882A61C7E90071B1D0 /* FeaturedPlaylistsCellViewModel.swift */,
				B474718A2A61C8100071B1D0 /* RecommendedTrackCellViewModel.swift */,
			);
			path = ViewModels;
			sourceTree = "<group>";
		};
		B489460C2A5C175F0010435C /* Managers */ = {
			isa = PBXGroup;
			children = (
				B48946292A5C1AE00010435C /* AuthManager.swift */,
				B48946252A5C1AC70010435C /* APICaller.swift */,
				B48946272A5C1AD80010435C /* HapticsManager.swift */,
			);
			path = Managers;
			sourceTree = "<group>";
		};
		B489460E2A5C17730010435C /* Resources */ = {
			isa = PBXGroup;
			children = (
				B48945FD2A5C15B00010435C /* Assets.xcassets */,
				B48945F42A5C15AF0010435C /* AppDelegate.swift */,
				B48945F62A5C15AF0010435C /* SceneDelegate.swift */,
				B48946332A5C3B0F0010435C /* Extensions.swift */,
			);
			path = Resources;
			sourceTree = "<group>";
		};
		B48946152A5C19B90010435C /* Core */ = {
			isa = PBXGroup;
			children = (
				B489460F2A5C192F0010435C /* TabBarController.swift */,
				B48945F82A5C15AF0010435C /* HomeViewController.swift */,
				B48946112A5C19790010435C /* SearchViewController.swift */,
				B48946132A5C19B20010435C /* LibraryViewController.swift */,
			);
			path = Core;
			sourceTree = "<group>";
		};
		B48946162A5C19D10010435C /* Other */ = {
			isa = PBXGroup;
			children = (
				B48946172A5C19E70010435C /* AuthViewController.swift */,
				B48946192A5C19F80010435C /* WelcomeViewController.swift */,
				B489461B2A5C1A1F0010435C /* SettingsViewController.swift */,
				B489461D2A5C1A260010435C /* ProfileViewController.swift */,
				B489461F2A5C1A4C0010435C /* PlayerViewController.swift */,
				B48946212A5C1A540010435C /* PlaylistViewController.swift */,
				B48946232A5C1A840010435C /* SearchResultsViewController.swift */,
			);
			path = Other;
			sourceTree = "<group>";
		};
		B48946652A5F4DB10010435C /* Responses */ = {
			isa = PBXGroup;
			children = (
				B48946352A5D6C6D0010435C /* AuthResponse.swift */,
				B48946592A5F08250010435C /* NewReleasesResponse.swift */,
				B489465D2A5F0D1C0010435C /* FeaturedPlaylistResponse.swift */,
				B489465F2A5F136E0010435C /* RecommendedGenresResponse.swift */,
				B48946612A5F4BA60010435C /* RecommendationsTracksResponse.swift */,
			);
			path = Responses;
			sourceTree = "<group>";
		};
/* End PBXGroup section */

/* Begin PBXNativeTarget section */
		B48945F02A5C15AF0010435C /* spotify */ = {
			isa = PBXNativeTarget;
			buildConfigurationList = B48946052A5C15B00010435C /* Build configuration list for PBXNativeTarget "spotify" */;
			buildPhases = (
				FAE908444EFF93FD55ECF63E /* [CP] Check Pods Manifest.lock */,
				B48945ED2A5C15AF0010435C /* Sources */,
				B48945EE2A5C15AF0010435C /* Frameworks */,
				B48945EF2A5C15AF0010435C /* Resources */,
				9DA0B5F3E81A1590C532C37B /* [CP] Embed Pods Frameworks */,
			);
			buildRules = (
			);
			dependencies = (
			);
			name = spotify;
			productName = spotify;
			productReference = B48945F12A5C15AF0010435C /* spotify.app */;
			productType = "com.apple.product-type.application";
		};
/* End PBXNativeTarget section */

/* Begin PBXProject section */
		B48945E92A5C15AF0010435C /* Project object */ = {
			isa = PBXProject;
			attributes = {
				BuildIndependentTargetsInParallel = 1;
				LastSwiftUpdateCheck = 1420;
				LastUpgradeCheck = 1420;
				TargetAttributes = {
					B48945F02A5C15AF0010435C = {
						CreatedOnToolsVersion = 14.2;
					};
				};
			};
			buildConfigurationList = B48945EC2A5C15AF0010435C /* Build configuration list for PBXProject "spotify" */;
			compatibilityVersion = "Xcode 14.0";
			developmentRegion = en;
			hasScannedForEncodings = 0;
			knownRegions = (
				en,
				Base,
			);
			mainGroup = B48945E82A5C15AF0010435C;
			productRefGroup = B48945F22A5C15AF0010435C /* Products */;
			projectDirPath = "";
			projectRoot = "";
			targets = (
				B48945F02A5C15AF0010435C /* spotify */,
			);
		};
/* End PBXProject section */

/* Begin PBXResourcesBuildPhase section */
		B48945EF2A5C15AF0010435C /* Resources */ = {
			isa = PBXResourcesBuildPhase;
			buildActionMask = 2147483647;
			files = (
				B48946012A5C15B00010435C /* LaunchScreen.storyboard in Resources */,
				B48945FE2A5C15B00010435C /* Assets.xcassets in Resources */,
			);
			runOnlyForDeploymentPostprocessing = 0;
		};
/* End PBXResourcesBuildPhase section */

/* Begin PBXShellScriptBuildPhase section */
		9DA0B5F3E81A1590C532C37B /* [CP] Embed Pods Frameworks */ = {
			isa = PBXShellScriptBuildPhase;
			buildActionMask = 2147483647;
			files = (
			);
			inputFileListPaths = (
				"${PODS_ROOT}/Target Support Files/Pods-spotify/Pods-spotify-frameworks-${CONFIGURATION}-input-files.xcfilelist",
			);
			name = "[CP] Embed Pods Frameworks";
			outputFileListPaths = (
				"${PODS_ROOT}/Target Support Files/Pods-spotify/Pods-spotify-frameworks-${CONFIGURATION}-output-files.xcfilelist",
			);
			runOnlyForDeploymentPostprocessing = 0;
			shellPath = /bin/sh;
			shellScript = "\"${PODS_ROOT}/Target Support Files/Pods-spotify/Pods-spotify-frameworks.sh\"\n";
			showEnvVarsInLog = 0;
		};
		FAE908444EFF93FD55ECF63E /* [CP] Check Pods Manifest.lock */ = {
			isa = PBXShellScriptBuildPhase;
			buildActionMask = 2147483647;
			files = (
			);
			inputFileListPaths = (
			);
			inputPaths = (
				"${PODS_PODFILE_DIR_PATH}/Podfile.lock",
				"${PODS_ROOT}/Manifest.lock",
			);
			name = "[CP] Check Pods Manifest.lock";
			outputFileListPaths = (
			);
			outputPaths = (
				"$(DERIVED_FILE_DIR)/Pods-spotify-checkManifestLockResult.txt",
			);
			runOnlyForDeploymentPostprocessing = 0;
			shellPath = /bin/sh;
			shellScript = "diff \"${PODS_PODFILE_DIR_PATH}/Podfile.lock\" \"${PODS_ROOT}/Manifest.lock\" > /dev/null\nif [ $? != 0 ] ; then\n    # print error to STDERR\n    echo \"error: The sandbox is not in sync with the Podfile.lock. Run 'pod install' or update your CocoaPods installation.\" >&2\n    exit 1\nfi\n# This output is used by Xcode 'outputs' to avoid re-running this script phase.\necho \"SUCCESS\" > \"${SCRIPT_OUTPUT_FILE_0}\"\n";
			showEnvVarsInLog = 0;
		};
/* End PBXShellScriptBuildPhase section */

/* Begin PBXSourcesBuildPhase section */
		B48945ED2A5C15AF0010435C /* Sources */ = {
			isa = PBXSourcesBuildPhase;
			buildActionMask = 2147483647;
			files = (
				B47471812A6122D20071B1D0 /* FeaturedPlaylistsCollectionViewCell.swift in Sources */,
				B48946622A5F4BA60010435C /* RecommendationsTracksResponse.swift in Sources */,
				B48946122A5C19790010435C /* SearchViewController.swift in Sources */,
				B48946242A5C1A840010435C /* SearchResultsViewController.swift in Sources */,
				B489461A2A5C19F80010435C /* WelcomeViewController.swift in Sources */,
				B48946282A5C1AD80010435C /* HapticsManager.swift in Sources */,
				B489465E2A5F0D1C0010435C /* FeaturedPlaylistResponse.swift in Sources */,
				B48946262A5C1AC70010435C /* APICaller.swift in Sources */,
				B489461E2A5C1A260010435C /* ProfileViewController.swift in Sources */,
				B47471892A61C7E90071B1D0 /* FeaturedPlaylistsCellViewModel.swift in Sources */,
				B48946672A5F4DC70010435C /* User.swift in Sources */,
				B48945F92A5C15AF0010435C /* HomeViewController.swift in Sources */,
				B474717F2A6122BF0071B1D0 /* NewReleasesCollectionViewCell.swift in Sources */,
				B48946362A5D6C6D0010435C /* AuthResponse.swift in Sources */,
				B474718B2A61C8100071B1D0 /* RecommendedTrackCellViewModel.swift in Sources */,
				B489465A2A5F08250010435C /* NewReleasesResponse.swift in Sources */,
				B489465C2A5F09900010435C /* ImageObject.swift in Sources */,
				B48946102A5C192F0010435C /* TabBarController.swift in Sources */,
				B48946182A5C19E70010435C /* AuthViewController.swift in Sources */,
				B489462A2A5C1AE00010435C /* AuthManager.swift in Sources */,
				B489462E2A5C1B350010435C /* Playlist.swift in Sources */,
				B48946322A5C1B490010435C /* UserProfile.swift in Sources */,
				B47471832A6122DD0071B1D0 /* RecommendedTrackCollectionViewCell.swift in Sources */,
				B48946342A5C3B0F0010435C /* Extensions.swift in Sources */,
				B48945F52A5C15AF0010435C /* AppDelegate.swift in Sources */,
				B48946302A5C1B3E0010435C /* Artist.swift in Sources */,
				B48946382A5DF9AA0010435C /* SettingsModels.swift in Sources */,
				B48946142A5C19B20010435C /* LibraryViewController.swift in Sources */,
				B48946222A5C1A540010435C /* PlaylistViewController.swift in Sources */,
				B47471852A6128B20071B1D0 /* NewReleasesCellViewModel.swift in Sources */,
				B48945F72A5C15AF0010435C /* SceneDelegate.swift in Sources */,
				B48946202A5C1A4C0010435C /* PlayerViewController.swift in Sources */,
				B48946642A5F4D640010435C /* Track.swift in Sources */,
				B489461C2A5C1A1F0010435C /* SettingsViewController.swift in Sources */,
				B48946602A5F136E0010435C /* RecommendedGenresResponse.swift in Sources */,
				B48946692A5F4DFB0010435C /* Album.swift in Sources */,
			);
			runOnlyForDeploymentPostprocessing = 0;
		};
/* End PBXSourcesBuildPhase section */

/* Begin PBXVariantGroup section */
		B48945FF2A5C15B00010435C /* LaunchScreen.storyboard */ = {
			isa = PBXVariantGroup;
			children = (
				B48946002A5C15B00010435C /* Base */,
			);
			name = LaunchScreen.storyboard;
			sourceTree = "<group>";
		};
/* End PBXVariantGroup section */

/* Begin XCBuildConfiguration section */
		B48946032A5C15B00010435C /* Debug */ = {
			isa = XCBuildConfiguration;
			buildSettings = {
				ALWAYS_SEARCH_USER_PATHS = NO;
				CLANG_ANALYZER_NONNULL = YES;
				CLANG_ANALYZER_NUMBER_OBJECT_CONVERSION = YES_AGGRESSIVE;
				CLANG_CXX_LANGUAGE_STANDARD = "gnu++20";
				CLANG_ENABLE_MODULES = YES;
				CLANG_ENABLE_OBJC_ARC = YES;
				CLANG_ENABLE_OBJC_WEAK = YES;
				CLANG_WARN_BLOCK_CAPTURE_AUTORELEASING = YES;
				CLANG_WARN_BOOL_CONVERSION = YES;
				CLANG_WARN_COMMA = YES;
				CLANG_WARN_CONSTANT_CONVERSION = YES;
				CLANG_WARN_DEPRECATED_OBJC_IMPLEMENTATIONS = YES;
				CLANG_WARN_DIRECT_OBJC_ISA_USAGE = YES_ERROR;
				CLANG_WARN_DOCUMENTATION_COMMENTS = YES;
				CLANG_WARN_EMPTY_BODY = YES;
				CLANG_WARN_ENUM_CONVERSION = YES;
				CLANG_WARN_INFINITE_RECURSION = YES;
				CLANG_WARN_INT_CONVERSION = YES;
				CLANG_WARN_NON_LITERAL_NULL_CONVERSION = YES;
				CLANG_WARN_OBJC_IMPLICIT_RETAIN_SELF = YES;
				CLANG_WARN_OBJC_LITERAL_CONVERSION = YES;
				CLANG_WARN_OBJC_ROOT_CLASS = YES_ERROR;
				CLANG_WARN_QUOTED_INCLUDE_IN_FRAMEWORK_HEADER = YES;
				CLANG_WARN_RANGE_LOOP_ANALYSIS = YES;
				CLANG_WARN_STRICT_PROTOTYPES = YES;
				CLANG_WARN_SUSPICIOUS_MOVE = YES;
				CLANG_WARN_UNGUARDED_AVAILABILITY = YES_AGGRESSIVE;
				CLANG_WARN_UNREACHABLE_CODE = YES;
				CLANG_WARN__DUPLICATE_METHOD_MATCH = YES;
				COPY_PHASE_STRIP = NO;
				DEBUG_INFORMATION_FORMAT = dwarf;
				ENABLE_STRICT_OBJC_MSGSEND = YES;
				ENABLE_TESTABILITY = YES;
				GCC_C_LANGUAGE_STANDARD = gnu11;
				GCC_DYNAMIC_NO_PIC = NO;
				GCC_NO_COMMON_BLOCKS = YES;
				GCC_OPTIMIZATION_LEVEL = 0;
				GCC_PREPROCESSOR_DEFINITIONS = (
					"DEBUG=1",
					"$(inherited)",
				);
				GCC_WARN_64_TO_32_BIT_CONVERSION = YES;
				GCC_WARN_ABOUT_RETURN_TYPE = YES_ERROR;
				GCC_WARN_UNDECLARED_SELECTOR = YES;
				GCC_WARN_UNINITIALIZED_AUTOS = YES_AGGRESSIVE;
				GCC_WARN_UNUSED_FUNCTION = YES;
				GCC_WARN_UNUSED_VARIABLE = YES;
				IPHONEOS_DEPLOYMENT_TARGET = 16.2;
				MTL_ENABLE_DEBUG_INFO = INCLUDE_SOURCE;
				MTL_FAST_MATH = YES;
				ONLY_ACTIVE_ARCH = YES;
				SDKROOT = iphoneos;
				SWIFT_ACTIVE_COMPILATION_CONDITIONS = DEBUG;
				SWIFT_OPTIMIZATION_LEVEL = "-Onone";
			};
			name = Debug;
		};
		B48946042A5C15B00010435C /* Release */ = {
			isa = XCBuildConfiguration;
			buildSettings = {
				ALWAYS_SEARCH_USER_PATHS = NO;
				CLANG_ANALYZER_NONNULL = YES;
				CLANG_ANALYZER_NUMBER_OBJECT_CONVERSION = YES_AGGRESSIVE;
				CLANG_CXX_LANGUAGE_STANDARD = "gnu++20";
				CLANG_ENABLE_MODULES = YES;
				CLANG_ENABLE_OBJC_ARC = YES;
				CLANG_ENABLE_OBJC_WEAK = YES;
				CLANG_WARN_BLOCK_CAPTURE_AUTORELEASING = YES;
				CLANG_WARN_BOOL_CONVERSION = YES;
				CLANG_WARN_COMMA = YES;
				CLANG_WARN_CONSTANT_CONVERSION = YES;
				CLANG_WARN_DEPRECATED_OBJC_IMPLEMENTATIONS = YES;
				CLANG_WARN_DIRECT_OBJC_ISA_USAGE = YES_ERROR;
				CLANG_WARN_DOCUMENTATION_COMMENTS = YES;
				CLANG_WARN_EMPTY_BODY = YES;
				CLANG_WARN_ENUM_CONVERSION = YES;
				CLANG_WARN_INFINITE_RECURSION = YES;
				CLANG_WARN_INT_CONVERSION = YES;
				CLANG_WARN_NON_LITERAL_NULL_CONVERSION = YES;
				CLANG_WARN_OBJC_IMPLICIT_RETAIN_SELF = YES;
				CLANG_WARN_OBJC_LITERAL_CONVERSION = YES;
				CLANG_WARN_OBJC_ROOT_CLASS = YES_ERROR;
				CLANG_WARN_QUOTED_INCLUDE_IN_FRAMEWORK_HEADER = YES;
				CLANG_WARN_RANGE_LOOP_ANALYSIS = YES;
				CLANG_WARN_STRICT_PROTOTYPES = YES;
				CLANG_WARN_SUSPICIOUS_MOVE = YES;
				CLANG_WARN_UNGUARDED_AVAILABILITY = YES_AGGRESSIVE;
				CLANG_WARN_UNREACHABLE_CODE = YES;
				CLANG_WARN__DUPLICATE_METHOD_MATCH = YES;
				COPY_PHASE_STRIP = NO;
				DEBUG_INFORMATION_FORMAT = "dwarf-with-dsym";
				ENABLE_NS_ASSERTIONS = NO;
				ENABLE_STRICT_OBJC_MSGSEND = YES;
				GCC_C_LANGUAGE_STANDARD = gnu11;
				GCC_NO_COMMON_BLOCKS = YES;
				GCC_WARN_64_TO_32_BIT_CONVERSION = YES;
				GCC_WARN_ABOUT_RETURN_TYPE = YES_ERROR;
				GCC_WARN_UNDECLARED_SELECTOR = YES;
				GCC_WARN_UNINITIALIZED_AUTOS = YES_AGGRESSIVE;
				GCC_WARN_UNUSED_FUNCTION = YES;
				GCC_WARN_UNUSED_VARIABLE = YES;
				IPHONEOS_DEPLOYMENT_TARGET = 16.2;
				MTL_ENABLE_DEBUG_INFO = NO;
				MTL_FAST_MATH = YES;
				SDKROOT = iphoneos;
				SWIFT_COMPILATION_MODE = wholemodule;
				SWIFT_OPTIMIZATION_LEVEL = "-O";
				VALIDATE_PRODUCT = YES;
			};
			name = Release;
		};
		B48946062A5C15B00010435C /* Debug */ = {
			isa = XCBuildConfiguration;
			baseConfigurationReference = 3DBA7830B3BD59315438E800 /* Pods-spotify.debug.xcconfig */;
			buildSettings = {
				ASSETCATALOG_COMPILER_APPICON_NAME = AppIcon;
				ASSETCATALOG_COMPILER_GLOBAL_ACCENT_COLOR_NAME = AccentColor;
				CODE_SIGN_STYLE = Automatic;
				CURRENT_PROJECT_VERSION = 1;
				DEVELOPMENT_TEAM = BVXR3NMJ8K;
				GENERATE_INFOPLIST_FILE = YES;
				INFOPLIST_FILE = spotify/Info.plist;
				INFOPLIST_KEY_UIApplicationSupportsIndirectInputEvents = YES;
				INFOPLIST_KEY_UILaunchStoryboardName = LaunchScreen;
				INFOPLIST_KEY_UISupportedInterfaceOrientations = UIInterfaceOrientationPortrait;
				INFOPLIST_KEY_UISupportedInterfaceOrientations_iPad = "UIInterfaceOrientationLandscapeLeft UIInterfaceOrientationLandscapeRight UIInterfaceOrientationPortrait UIInterfaceOrientationPortraitUpsideDown";
				LD_RUNPATH_SEARCH_PATHS = (
					"$(inherited)",
					"@executable_path/Frameworks",
				);
				MARKETING_VERSION = 1.0;
				PRODUCT_BUNDLE_IDENTIFIER = aidarbye.spotify;
				PRODUCT_NAME = "$(TARGET_NAME)";
				SUPPORTED_PLATFORMS = "iphoneos iphonesimulator";
				SUPPORTS_MACCATALYST = NO;
				SUPPORTS_MAC_DESIGNED_FOR_IPHONE_IPAD = NO;
				SWIFT_EMIT_LOC_STRINGS = YES;
				SWIFT_VERSION = 5.0;
				TARGETED_DEVICE_FAMILY = 1;
			};
			name = Debug;
		};
		B48946072A5C15B00010435C /* Release */ = {
			isa = XCBuildConfiguration;
			baseConfigurationReference = EDEF6F341A8B67FC79705F5E /* Pods-spotify.release.xcconfig */;
			buildSettings = {
				ASSETCATALOG_COMPILER_APPICON_NAME = AppIcon;
				ASSETCATALOG_COMPILER_GLOBAL_ACCENT_COLOR_NAME = AccentColor;
				CODE_SIGN_STYLE = Automatic;
				CURRENT_PROJECT_VERSION = 1;
				DEVELOPMENT_TEAM = BVXR3NMJ8K;
				GENERATE_INFOPLIST_FILE = YES;
				INFOPLIST_FILE = spotify/Info.plist;
				INFOPLIST_KEY_UIApplicationSupportsIndirectInputEvents = YES;
				INFOPLIST_KEY_UILaunchStoryboardName = LaunchScreen;
				INFOPLIST_KEY_UISupportedInterfaceOrientations = UIInterfaceOrientationPortrait;
				INFOPLIST_KEY_UISupportedInterfaceOrientations_iPad = "UIInterfaceOrientationLandscapeLeft UIInterfaceOrientationLandscapeRight UIInterfaceOrientationPortrait UIInterfaceOrientationPortraitUpsideDown";
				LD_RUNPATH_SEARCH_PATHS = (
					"$(inherited)",
					"@executable_path/Frameworks",
				);
				MARKETING_VERSION = 1.0;
				PRODUCT_BUNDLE_IDENTIFIER = aidarbye.spotify;
				PRODUCT_NAME = "$(TARGET_NAME)";
				SUPPORTED_PLATFORMS = "iphoneos iphonesimulator";
				SUPPORTS_MACCATALYST = NO;
				SUPPORTS_MAC_DESIGNED_FOR_IPHONE_IPAD = NO;
				SWIFT_EMIT_LOC_STRINGS = YES;
				SWIFT_VERSION = 5.0;
				TARGETED_DEVICE_FAMILY = 1;
			};
			name = Release;
		};
/* End XCBuildConfiguration section */

/* Begin XCConfigurationList section */
		B48945EC2A5C15AF0010435C /* Build configuration list for PBXProject "spotify" */ = {
			isa = XCConfigurationList;
			buildConfigurations = (
				B48946032A5C15B00010435C /* Debug */,
				B48946042A5C15B00010435C /* Release */,
			);
			defaultConfigurationIsVisible = 0;
			defaultConfigurationName = Release;
		};
		B48946052A5C15B00010435C /* Build configuration list for PBXNativeTarget "spotify" */ = {
			isa = XCConfigurationList;
			buildConfigurations = (
				B48946062A5C15B00010435C /* Debug */,
				B48946072A5C15B00010435C /* Release */,
			);
			defaultConfigurationIsVisible = 0;
			defaultConfigurationName = Release;
		};
/* End XCConfigurationList section */
	};
	rootObject = B48945E92A5C15AF0010435C /* Project object */;
}
